
Microsoft Visual Studio Solution File, Format Version 12.00
# Visual Studio Version 17
VisualStudioVersion = 17.3.32804.467
MinimumVisualStudioVersion = 10.0.40219.1
Project("{FAE04EC0-301F-11D3-BF4B-00C04F79EFBC}") = "GuessingGame", "GuessingGame\GuessingGame.csproj", "{521CF733-ACD9-4080-9DA1-9740DB5F6E1A}"
EndProject
Global
	GlobalSection(SolutionConfigurationPlatforms) = preSolution
		Debug|Any CPU = Debug|Any CPU
		Release|Any CPU = Release|Any CPU
	EndGlobalSection
	GlobalSection(ProjectConfigurationPlatforms) = postSolution
		{521CF733-ACD9-4080-9DA1-9740DB5F6E1A}.Debug|Any CPU.ActiveCfg = Debug|Any CPU
		{521CF733-ACD9-4080-9DA1-9740DB5F6E1A}.Debug|Any CPU.Build.0 = Debug|Any CPU
		{521CF733-ACD9-4080-9DA1-9740DB5F6E1A}.Release|Any CPU.ActiveCfg = Release|Any CPU
		{521CF733-ACD9-4080-9DA1-9740DB5F6E1A}.Release|Any CPU.Build.0 = Release|Any CPU
	EndGlobalSection
	GlobalSection(SolutionProperties) = preSolution
		HideSolutionNode = FALSE
	EndGlobalSection
	GlobalSection(ExtensibilityGlobals) = postSolution
		SolutionGuid = {E4874E18-6AB3-4DC6-819D-AC71677C0AAF}
	EndGlobalSection
EndGlobal
